
Microsoft Visual Studio Solution File, Format Version 12.00
# Visual Studio Version 17
VisualStudioVersion = 17.14.36310.24 d17.14
MinimumVisualStudioVersion = 10.0.40219.1
Project("{FAE04EC0-301F-11D3-BF4B-00C04F79EFBC}") = "Practice21", "Practice21\Practice21.csproj", "{D2CD4903-F2B2-417D-B46C-77FEBF144CE7}"
EndProject
Global
	GlobalSection(SolutionConfigurationPlatforms) = preSolution
		Debug|Any CPU = Debug|Any CPU
		Release|Any CPU = Release|Any CPU
	EndGlobalSection
	GlobalSection(ProjectConfigurationPlatforms) = postSolution
		{D2CD4903-F2B2-417D-B46C-77FEBF144CE7}.Debug|Any CPU.ActiveCfg = Debug|Any CPU
		{D2CD4903-F2B2-417D-B46C-77FEBF144CE7}.Debug|Any CPU.Build.0 = Debug|Any CPU
		{D2CD4903-F2B2-417D-B46C-77FEBF144CE7}.Release|Any CPU.ActiveCfg = Release|Any CPU
		{D2CD4903-F2B2-417D-B46C-77FEBF144CE7}.Release|Any CPU.Build.0 = Release|Any CPU
	EndGlobalSection
	GlobalSection(SolutionProperties) = preSolution
		HideSolutionNode = FALSE
	EndGlobalSection
	GlobalSection(ExtensibilityGlobals) = postSolution
		SolutionGuid = {D1905E6B-2166-4E6E-ACA0-9E195B5AF2FE}
	EndGlobalSection
EndGlobal
