
Microsoft Visual Studio Solution File, Format Version 12.00
# Visual Studio Version 17
VisualStudioVersion = 17.14.36310.24 d17.14
MinimumVisualStudioVersion = 10.0.40219.1
Project("{FAE04EC0-301F-11D3-BF4B-00C04F79EFBC}") = "Homework4", "Homework4\Homework4.csproj", "{389BDF21-DAF0-4B2F-BED3-FA42CD935514}"
EndProject
Global
	GlobalSection(SolutionConfigurationPlatforms) = preSolution
		Debug|Any CPU = Debug|Any CPU
		Release|Any CPU = Release|Any CPU
	EndGlobalSection
	GlobalSection(ProjectConfigurationPlatforms) = postSolution
		{389BDF21-DAF0-4B2F-BED3-FA42CD935514}.Debug|Any CPU.ActiveCfg = Debug|Any CPU
		{389BDF21-DAF0-4B2F-BED3-FA42CD935514}.Debug|Any CPU.Build.0 = Debug|Any CPU
		{389BDF21-DAF0-4B2F-BED3-FA42CD935514}.Release|Any CPU.ActiveCfg = Release|Any CPU
		{389BDF21-DAF0-4B2F-BED3-FA42CD935514}.Release|Any CPU.Build.0 = Release|Any CPU
	EndGlobalSection
	GlobalSection(SolutionProperties) = preSolution
		HideSolutionNode = FALSE
	EndGlobalSection
	GlobalSection(ExtensibilityGlobals) = postSolution
		SolutionGuid = {8492162C-16FE-4D7C-AE39-AB7D438C1C56}
	EndGlobalSection
EndGlobal
