
Microsoft Visual Studio Solution File, Format Version 12.00
# Visual Studio Version 17
VisualStudioVersion = 17.13.35919.96 d17.13
MinimumVisualStudioVersion = 10.0.40219.1
Project("{FAE04EC0-301F-11D3-BF4B-00C04F79EFBC}") = "Homework1", "Homework1\Homework1.csproj", "{3078DF3B-2BA1-4AE3-A9FD-84058D321773}"
EndProject
Global
	GlobalSection(SolutionConfigurationPlatforms) = preSolution
		Debug|Any CPU = Debug|Any CPU
		Release|Any CPU = Release|Any CPU
	EndGlobalSection
	GlobalSection(ProjectConfigurationPlatforms) = postSolution
		{3078DF3B-2BA1-4AE3-A9FD-84058D321773}.Debug|Any CPU.ActiveCfg = Debug|Any CPU
		{3078DF3B-2BA1-4AE3-A9FD-84058D321773}.Debug|Any CPU.Build.0 = Debug|Any CPU
		{3078DF3B-2BA1-4AE3-A9FD-84058D321773}.Release|Any CPU.ActiveCfg = Release|Any CPU
		{3078DF3B-2BA1-4AE3-A9FD-84058D321773}.Release|Any CPU.Build.0 = Release|Any CPU
	EndGlobalSection
	GlobalSection(SolutionProperties) = preSolution
		HideSolutionNode = FALSE
	EndGlobalSection
	GlobalSection(ExtensibilityGlobals) = postSolution
		SolutionGuid = {F3A2C488-BEE3-45D9-84C1-EBB491AD452B}
	EndGlobalSection
EndGlobal
