
Microsoft Visual Studio Solution File, Format Version 12.00
# Visual Studio Version 17
VisualStudioVersion = 17.14.36310.24
MinimumVisualStudioVersion = 10.0.40219.1
Project("{FAE04EC0-301F-11D3-BF4B-00C04F79EFBC}") = "PracticeAPI", "PracticeAPI\PracticeAPI.csproj", "{3B1976FF-F47F-1472-7A0E-027E88B75CE9}"
EndProject
Project("{FAE04EC0-301F-11D3-BF4B-00C04F79EFBC}") = "PracticeAPI.AppHost", "PracticeAPI.AppHost\PracticeAPI.AppHost.csproj", "{69A397D7-23FD-422E-86B0-9D52E05A194F}"
EndProject
Project("{FAE04EC0-301F-11D3-BF4B-00C04F79EFBC}") = "PracticeAPI.ServiceDefaults", "PracticeAPI.ServiceDefaults\PracticeAPI.ServiceDefaults.csproj", "{E07D315F-83F2-D69A-77AA-CCC6D4D0D6CA}"
EndProject
Project("{2150E333-8FDC-42A3-9474-1A3956D46DE8}") = "Commands", "Commands", "{36D591C7-65C7-A0D1-1CBC-10CDE441BDC8}"
	ProjectSection(SolutionItems) = preProject
		CommandDispatcher.cs = CommandDispatcher.cs
		HelpCommand.cs = HelpCommand.cs
		ICommand.cs = ICommand.cs
		StartCommand.cs = StartCommand.cs
	EndProjectSection
EndProject
Global
	GlobalSection(SolutionConfigurationPlatforms) = preSolution
		Debug|Any CPU = Debug|Any CPU
		Release|Any CPU = Release|Any CPU
	EndGlobalSection
	GlobalSection(ProjectConfigurationPlatforms) = postSolution
		{3B1976FF-F47F-1472-7A0E-027E88B75CE9}.Debug|Any CPU.ActiveCfg = Debug|Any CPU
		{3B1976FF-F47F-1472-7A0E-027E88B75CE9}.Debug|Any CPU.Build.0 = Debug|Any CPU
		{3B1976FF-F47F-1472-7A0E-027E88B75CE9}.Release|Any CPU.ActiveCfg = Release|Any CPU
		{3B1976FF-F47F-1472-7A0E-027E88B75CE9}.Release|Any CPU.Build.0 = Release|Any CPU
		{69A397D7-23FD-422E-86B0-9D52E05A194F}.Debug|Any CPU.ActiveCfg = Debug|Any CPU
		{69A397D7-23FD-422E-86B0-9D52E05A194F}.Debug|Any CPU.Build.0 = Debug|Any CPU
		{69A397D7-23FD-422E-86B0-9D52E05A194F}.Release|Any CPU.ActiveCfg = Release|Any CPU
		{69A397D7-23FD-422E-86B0-9D52E05A194F}.Release|Any CPU.Build.0 = Release|Any CPU
		{E07D315F-83F2-D69A-77AA-CCC6D4D0D6CA}.Debug|Any CPU.ActiveCfg = Debug|Any CPU
		{E07D315F-83F2-D69A-77AA-CCC6D4D0D6CA}.Debug|Any CPU.Build.0 = Debug|Any CPU
		{E07D315F-83F2-D69A-77AA-CCC6D4D0D6CA}.Release|Any CPU.ActiveCfg = Release|Any CPU
		{E07D315F-83F2-D69A-77AA-CCC6D4D0D6CA}.Release|Any CPU.Build.0 = Release|Any CPU
	EndGlobalSection
	GlobalSection(SolutionProperties) = preSolution
		HideSolutionNode = FALSE
	EndGlobalSection
	GlobalSection(ExtensibilityGlobals) = postSolution
		SolutionGuid = {D1186C4A-721F-4324-A4CF-17DBB857E3C3}
	EndGlobalSection
EndGlobal
